<?xml version="1.0" encoding="utf-8"?>
<Project ToolsVersion="4.0" xmlns="http://schemas.microsoft.com/developer/msbuild/2003">
  <ItemGroup>
    <ClCompile Include="main.cpp" />
    <ClCompile Include="stdafx.cpp" />
    <ClCompile Include="Context.cpp">
      <Filter>Framework\Context</Filter>
    </ClCompile>
    <ClCompile Include="stb.cpp">
      <Filter>3rdparty</Filter>
    </ClCompile>
    <ClCompile Include="GameApp.cpp">
      <Filter>Game</Filter>
    </ClCompile>
    <ClCompile Include="Sprite.cpp">
      <Filter>Framework\Resource</Filter>
    </ClCompile>
  </ItemGroup>
  <ItemGroup>
    <ClInclude Include="Exception.h">
      <Filter>Framework</Filter>
    </ClInclude>
    <ClInclude Include="stdafx.h" />
    <ClInclude Include="Context.h">
      <Filter>Framework\Context</Filter>
    </ClInclude>
    <ClInclude Include="IApp.h">
      <Filter>Framework\Context</Filter>
    </ClInclude>
    <ClInclude Include="stb_image.h">
      <Filter>3rdparty</Filter>
    </ClInclude>
    <ClInclude Include="GameApp.h">
      <Filter>Game</Filter>
    </ClInclude>
    <ClInclude Include="Sprite.h">
      <Filter>Framework\Resource</Filter>
    </ClInclude>
    <ClInclude Include="MiniMath.h">
      <Filter>Framework\Math</Filter>
    </ClInclude>
  </ItemGroup>
  <ItemGroup>
    <Filter Include="Framework">
      <UniqueIdentifier>{2aea2085-fe73-47f8-b391-ce47e0ddfdb0}</UniqueIdentifier>
    </Filter>
    <Filter Include="Framework\Context">
      <UniqueIdentifier>{36e34c2d-dcb6-4cdc-8005-de9bacb1e0c9}</UniqueIdentifier>
    </Filter>
    <Filter Include="3rdparty">
      <UniqueIdentifier>{9010fe3d-1aa6-49f9-891d-26eec1a19d3f}</UniqueIdentifier>
    </Filter>
    <Filter Include="Game">
      <UniqueIdentifier>{fbe6593f-607c-48d3-a192-ab1e755a9ccd}</UniqueIdentifier>
    </Filter>
    <Filter Include="Framework\Resource">
      <UniqueIdentifier>{a98a18d0-5ead-4194-9112-cdcbca582d4c}</UniqueIdentifier>
    </Filter>
    <Filter Include="Framework\Math">
      <UniqueIdentifier>{8f098a16-12b5-4294-b32e-160e4ebd218a}</UniqueIdentifier>
    </Filter>
  </ItemGroup>
</Project>